
Microsoft Visual Studio Solution File, Format Version 12.00
# Visual Studio Version 16
VisualStudioVersion = 16.0.31515.178
MinimumVisualStudioVersion = 10.0.40219.1
Project("{8BC9CEB8-8B4A-11D0-8D11-00A0C91BC942}") = "Chatroom-command", "Chatroom-command\Chatroom-command.vcxproj", "{92CA2702-629B-463C-AEB7-2E054A9A67DC}"
EndProject
Global
	GlobalSection(SolutionConfigurationPlatforms) = preSolution
		Debug|x64 = Debug|x64
		Debug|x86 = Debug|x86
		Release|x64 = Release|x64
		Release|x86 = Release|x86
	EndGlobalSection
	GlobalSection(ProjectConfigurationPlatforms) = postSolution
		{92CA2702-629B-463C-AEB7-2E054A9A67DC}.Debug|x64.ActiveCfg = Debug|x64
		{92CA2702-629B-463C-AEB7-2E054A9A67DC}.Debug|x64.Build.0 = Debug|x64
		{92CA2702-629B-463C-AEB7-2E054A9A67DC}.Debug|x86.ActiveCfg = Debug|Win32
		{92CA2702-629B-463C-AEB7-2E054A9A67DC}.Debug|x86.Build.0 = Debug|Win32
		{92CA2702-629B-463C-AEB7-2E054A9A67DC}.Release|x64.ActiveCfg = Release|x64
		{92CA2702-629B-463C-AEB7-2E054A9A67DC}.Release|x64.Build.0 = Release|x64
		{92CA2702-629B-463C-AEB7-2E054A9A67DC}.Release|x86.ActiveCfg = Release|Win32
		{92CA2702-629B-463C-AEB7-2E054A9A67DC}.Release|x86.Build.0 = Release|Win32
	EndGlobalSection
	GlobalSection(SolutionProperties) = preSolution
		HideSolutionNode = FALSE
	EndGlobalSection
	GlobalSection(ExtensibilityGlobals) = postSolution
		SolutionGuid = {8B2C7D6D-96B9-4638-AE3F-021EA6195592}
	EndGlobalSection
EndGlobal
